
Microsoft Visual Studio Solution File, Format Version 12.00
# Visual Studio 15
VisualStudioVersion = 15.0.27428.2037
MinimumVisualStudioVersion = 10.0.40219.1
Project("{8BC9CEB8-8B4A-11D0-8D11-00A0C91BC942}") = "Game", "Game\Game.vcxproj", "{9EC943CF-57FE-47E2-8464-C5E07658EB2E}"
EndProject
Project("{54435603-DBB4-11D2-8724-00A0C9A8B90C}") = "Game Setup", "Setup1\Setup1.vdproj", "{BA1B9DCC-2E40-4E3C-A3B4-5A3DF6EDB1C4}"
EndProject
Global
	GlobalSection(SolutionConfigurationPlatforms) = preSolution
		Debug|x64 = Debug|x64
		Debug|x86 = Debug|x86
		Release|x64 = Release|x64
		Release|x86 = Release|x86
	EndGlobalSection
	GlobalSection(ProjectConfigurationPlatforms) = postSolution
		{9EC943CF-57FE-47E2-8464-C5E07658EB2E}.Debug|x64.ActiveCfg = Debug|x64
		{9EC943CF-57FE-47E2-8464-C5E07658EB2E}.Debug|x64.Build.0 = Debug|x64
		{9EC943CF-57FE-47E2-8464-C5E07658EB2E}.Debug|x86.ActiveCfg = Debug|Win32
		{9EC943CF-57FE-47E2-8464-C5E07658EB2E}.Debug|x86.Build.0 = Debug|Win32
		{9EC943CF-57FE-47E2-8464-C5E07658EB2E}.Release|x64.ActiveCfg = Release|x64
		{9EC943CF-57FE-47E2-8464-C5E07658EB2E}.Release|x64.Build.0 = Release|x64
		{9EC943CF-57FE-47E2-8464-C5E07658EB2E}.Release|x86.ActiveCfg = Release|Win32
		{9EC943CF-57FE-47E2-8464-C5E07658EB2E}.Release|x86.Build.0 = Release|Win32
		{BA1B9DCC-2E40-4E3C-A3B4-5A3DF6EDB1C4}.Debug|x64.ActiveCfg = Debug
		{BA1B9DCC-2E40-4E3C-A3B4-5A3DF6EDB1C4}.Debug|x86.ActiveCfg = Debug
		{BA1B9DCC-2E40-4E3C-A3B4-5A3DF6EDB1C4}.Release|x64.ActiveCfg = Release
		{BA1B9DCC-2E40-4E3C-A3B4-5A3DF6EDB1C4}.Release|x86.ActiveCfg = Release
	EndGlobalSection
	GlobalSection(SolutionProperties) = preSolution
		HideSolutionNode = FALSE
	EndGlobalSection
	GlobalSection(ExtensibilityGlobals) = postSolution
		SolutionGuid = {F22E8834-8CA6-47FD-988C-48B02C9F6A79}
	EndGlobalSection
EndGlobal
